
Microsoft Visual Studio Solution File, Format Version 12.00
# Visual Studio 15
VisualStudioVersion = 15.0.26730.12
MinimumVisualStudioVersion = 10.0.40219.1
Project("{FAE04EC0-301F-11D3-BF4B-00C04F79EFBC}") = "Barpop.Android", "Barpop\Barpop.Android\Barpop.Android.csproj", "{6F1CB752-AFB8-46F9-A40B-23775C4240BB}"
EndProject
Project("{FAE04EC0-301F-11D3-BF4B-00C04F79EFBC}") = "Barpop", "Barpop\Barpop\Barpop.csproj", "{102F9CC2-3811-4BCA-9993-DCA1611373C9}"
EndProject
Project("{FAE04EC0-301F-11D3-BF4B-00C04F79EFBC}") = "Barpop.UWP", "Barpop\Barpop.UWP\Barpop.UWP.csproj", "{6714F4D8-2B03-4121-9E50-9FF76752A10E}"
EndProject
Project("{FAE04EC0-301F-11D3-BF4B-00C04F79EFBC}") = "Barpop.iOS", "Barpop\Barpop.iOS\Barpop.iOS.csproj", "{A98D5564-8678-46BA-89EC-1613D43E92B3}"
EndProject
Global
	GlobalSection(SolutionConfigurationPlatforms) = preSolution
		Ad-Hoc|Any CPU = Ad-Hoc|Any CPU
		Ad-Hoc|ARM = Ad-Hoc|ARM
		Ad-Hoc|iPhone = Ad-Hoc|iPhone
		Ad-Hoc|iPhoneSimulator = Ad-Hoc|iPhoneSimulator
		Ad-Hoc|x64 = Ad-Hoc|x64
		Ad-Hoc|x86 = Ad-Hoc|x86
		AppStore|Any CPU = AppStore|Any CPU
		AppStore|ARM = AppStore|ARM
		AppStore|iPhone = AppStore|iPhone
		AppStore|iPhoneSimulator = AppStore|iPhoneSimulator
		AppStore|x64 = AppStore|x64
		AppStore|x86 = AppStore|x86
		Debug|Any CPU = Debug|Any CPU
		Debug|ARM = Debug|ARM
		Debug|iPhone = Debug|iPhone
		Debug|iPhoneSimulator = Debug|iPhoneSimulator
		Debug|x64 = Debug|x64
		Debug|x86 = Debug|x86
		Release|Any CPU = Release|Any CPU
		Release|ARM = Release|ARM
		Release|iPhone = Release|iPhone
		Release|iPhoneSimulator = Release|iPhoneSimulator
		Release|x64 = Release|x64
		Release|x86 = Release|x86
	EndGlobalSection
	GlobalSection(ProjectConfigurationPlatforms) = postSolution
		{6F1CB752-AFB8-46F9-A40B-23775C4240BB}.Ad-Hoc|Any CPU.ActiveCfg = Release|Any CPU
		{6F1CB752-AFB8-46F9-A40B-23775C4240BB}.Ad-Hoc|Any CPU.Build.0 = Release|Any CPU
		{6F1CB752-AFB8-46F9-A40B-23775C4240BB}.Ad-Hoc|Any CPU.Deploy.0 = Release|Any CPU
		{6F1CB752-AFB8-46F9-A40B-23775C4240BB}.Ad-Hoc|ARM.ActiveCfg = Release|Any CPU
		{6F1CB752-AFB8-46F9-A40B-23775C4240BB}.Ad-Hoc|ARM.Build.0 = Release|Any CPU
		{6F1CB752-AFB8-46F9-A40B-23775C4240BB}.Ad-Hoc|ARM.Deploy.0 = Release|Any CPU
		{6F1CB752-AFB8-46F9-A40B-23775C4240BB}.Ad-Hoc|iPhone.ActiveCfg = Release|Any CPU
		{6F1CB752-AFB8-46F9-A40B-23775C4240BB}.Ad-Hoc|iPhone.Build.0 = Release|Any CPU
		{6F1CB752-AFB8-46F9-A40B-23775C4240BB}.Ad-Hoc|iPhone.Deploy.0 = Release|Any CPU
		{6F1CB752-AFB8-46F9-A40B-23775C4240BB}.Ad-Hoc|iPhoneSimulator.ActiveCfg = Release|Any CPU
		{6F1CB752-AFB8-46F9-A40B-23775C4240BB}.Ad-Hoc|iPhoneSimulator.Build.0 = Release|Any CPU
		{6F1CB752-AFB8-46F9-A40B-23775C4240BB}.Ad-Hoc|iPhoneSimulator.Deploy.0 = Release|Any CPU
		{6F1CB752-AFB8-46F9-A40B-23775C4240BB}.Ad-Hoc|x64.ActiveCfg = Release|Any CPU
		{6F1CB752-AFB8-46F9-A40B-23775C4240BB}.Ad-Hoc|x64.Build.0 = Release|Any CPU
		{6F1CB752-AFB8-46F9-A40B-23775C4240BB}.Ad-Hoc|x64.Deploy.0 = Release|Any CPU
		{6F1CB752-AFB8-46F9-A40B-23775C4240BB}.Ad-Hoc|x86.ActiveCfg = Release|Any CPU
		{6F1CB752-AFB8-46F9-A40B-23775C4240BB}.Ad-Hoc|x86.Build.0 = Release|Any CPU
		{6F1CB752-AFB8-46F9-A40B-23775C4240BB}.Ad-Hoc|x86.Deploy.0 = Release|Any CPU
		{6F1CB752-AFB8-46F9-A40B-23775C4240BB}.AppStore|Any CPU.ActiveCfg = Release|Any CPU
		{6F1CB752-AFB8-46F9-A40B-23775C4240BB}.AppStore|Any CPU.Build.0 = Release|Any CPU
		{6F1CB752-AFB8-46F9-A40B-23775C4240BB}.AppStore|Any CPU.Deploy.0 = Release|Any CPU
		{6F1CB752-AFB8-46F9-A40B-23775C4240BB}.AppStore|ARM.ActiveCfg = Release|Any CPU
		{6F1CB752-AFB8-46F9-A40B-23775C4240BB}.AppStore|ARM.Build.0 = Release|Any CPU
		{6F1CB752-AFB8-46F9-A40B-23775C4240BB}.AppStore|ARM.Deploy.0 = Release|Any CPU
		{6F1CB752-AFB8-46F9-A40B-23775C4240BB}.AppStore|iPhone.ActiveCfg = Release|Any CPU
		{6F1CB752-AFB8-46F9-A40B-23775C4240BB}.AppStore|iPhone.Build.0 = Release|Any CPU
		{6F1CB752-AFB8-46F9-A40B-23775C4240BB}.AppStore|iPhone.Deploy.0 = Release|Any CPU
		{6F1CB752-AFB8-46F9-A40B-23775C4240BB}.AppStore|iPhoneSimulator.ActiveCfg = Release|Any CPU
		{6F1CB752-AFB8-46F9-A40B-23775C4240BB}.AppStore|iPhoneSimulator.Build.0 = Release|Any CPU
		{6F1CB752-AFB8-46F9-A40B-23775C4240BB}.AppStore|iPhoneSimulator.Deploy.0 = Release|Any CPU
		{6F1CB752-AFB8-46F9-A40B-23775C4240BB}.AppStore|x64.ActiveCfg = Release|Any CPU
		{6F1CB752-AFB8-46F9-A40B-23775C4240BB}.AppStore|x64.Build.0 = Release|Any CPU
		{6F1CB752-AFB8-46F9-A40B-23775C4240BB}.AppStore|x64.Deploy.0 = Release|Any CPU
		{6F1CB752-AFB8-46F9-A40B-23775C4240BB}.AppStore|x86.ActiveCfg = Release|Any CPU
		{6F1CB752-AFB8-46F9-A40B-23775C4240BB}.AppStore|x86.Build.0 = Release|Any CPU
		{6F1CB752-AFB8-46F9-A40B-23775C4240BB}.AppStore|x86.Deploy.0 = Release|Any CPU
		{6F1CB752-AFB8-46F9-A40B-23775C4240BB}.Debug|Any CPU.ActiveCfg = Debug|Any CPU
		{6F1CB752-AFB8-46F9-A40B-23775C4240BB}.Debug|Any CPU.Build.0 = Debug|Any CPU
		{6F1CB752-AFB8-46F9-A40B-23775C4240BB}.Debug|Any CPU.Deploy.0 = Debug|Any CPU
		{6F1CB752-AFB8-46F9-A40B-23775C4240BB}.Debug|ARM.ActiveCfg = Debug|Any CPU
		{6F1CB752-AFB8-46F9-A40B-23775C4240BB}.Debug|ARM.Build.0 = Debug|Any CPU
		{6F1CB752-AFB8-46F9-A40B-23775C4240BB}.Debug|ARM.Deploy.0 = Debug|Any CPU
		{6F1CB752-AFB8-46F9-A40B-23775C4240BB}.Debug|iPhone.ActiveCfg = Debug|Any CPU
		{6F1CB752-AFB8-46F9-A40B-23775C4240BB}.Debug|iPhone.Build.0 = Debug|Any CPU
		{6F1CB752-AFB8-46F9-A40B-23775C4240BB}.Debug|iPhone.Deploy.0 = Debug|Any CPU
		{6F1CB752-AFB8-46F9-A40B-23775C4240BB}.Debug|iPhoneSimulator.ActiveCfg = Debug|Any CPU
		{6F1CB752-AFB8-46F9-A40B-23775C4240BB}.Debug|iPhoneSimulator.Build.0 = Debug|Any CPU
		{6F1CB752-AFB8-46F9-A40B-23775C4240BB}.Debug|iPhoneSimulator.Deploy.0 = Debug|Any CPU
		{6F1CB752-AFB8-46F9-A40B-23775C4240BB}.Debug|x64.ActiveCfg = Debug|Any CPU
		{6F1CB752-AFB8-46F9-A40B-23775C4240BB}.Debug|x64.Build.0 = Debug|Any CPU
		{6F1CB752-AFB8-46F9-A40B-23775C4240BB}.Debug|x64.Deploy.0 = Debug|Any CPU
		{6F1CB752-AFB8-46F9-A40B-23775C4240BB}.Debug|x86.ActiveCfg = Debug|Any CPU
		{6F1CB752-AFB8-46F9-A40B-23775C4240BB}.Debug|x86.Build.0 = Debug|Any CPU
		{6F1CB752-AFB8-46F9-A40B-23775C4240BB}.Debug|x86.Deploy.0 = Debug|Any CPU
		{6F1CB752-AFB8-46F9-A40B-23775C4240BB}.Release|Any CPU.ActiveCfg = Release|Any CPU
		{6F1CB752-AFB8-46F9-A40B-23775C4240BB}.Release|Any CPU.Build.0 = Release|Any CPU
		{6F1CB752-AFB8-46F9-A40B-23775C4240BB}.Release|Any CPU.Deploy.0 = Release|Any CPU
		{6F1CB752-AFB8-46F9-A40B-23775C4240BB}.Release|ARM.ActiveCfg = Release|Any CPU
		{6F1CB752-AFB8-46F9-A40B-23775C4240BB}.Release|ARM.Build.0 = Release|Any CPU
		{6F1CB752-AFB8-46F9-A40B-23775C4240BB}.Release|ARM.Deploy.0 = Release|Any CPU
		{6F1CB752-AFB8-46F9-A40B-23775C4240BB}.Release|iPhone.ActiveCfg = Release|Any CPU
		{6F1CB752-AFB8-46F9-A40B-23775C4240BB}.Release|iPhone.Build.0 = Release|Any CPU
		{6F1CB752-AFB8-46F9-A40B-23775C4240BB}.Release|iPhone.Deploy.0 = Release|Any CPU
		{6F1CB752-AFB8-46F9-A40B-23775C4240BB}.Release|iPhoneSimulator.ActiveCfg = Release|Any CPU
		{6F1CB752-AFB8-46F9-A40B-23775C4240BB}.Release|iPhoneSimulator.Build.0 = Release|Any CPU
		{6F1CB752-AFB8-46F9-A40B-23775C4240BB}.Release|iPhoneSimulator.Deploy.0 = Release|Any CPU
		{6F1CB752-AFB8-46F9-A40B-23775C4240BB}.Release|x64.ActiveCfg = Release|Any CPU
		{6F1CB752-AFB8-46F9-A40B-23775C4240BB}.Release|x64.Build.0 = Release|Any CPU
		{6F1CB752-AFB8-46F9-A40B-23775C4240BB}.Release|x64.Deploy.0 = Release|Any CPU
		{6F1CB752-AFB8-46F9-A40B-23775C4240BB}.Release|x86.ActiveCfg = Release|Any CPU
		{6F1CB752-AFB8-46F9-A40B-23775C4240BB}.Release|x86.Build.0 = Release|Any CPU
		{6F1CB752-AFB8-46F9-A40B-23775C4240BB}.Release|x86.Deploy.0 = Release|Any CPU
		{102F9CC2-3811-4BCA-9993-DCA1611373C9}.Ad-Hoc|Any CPU.ActiveCfg = Release|Any CPU
		{102F9CC2-3811-4BCA-9993-DCA1611373C9}.Ad-Hoc|Any CPU.Build.0 = Release|Any CPU
		{102F9CC2-3811-4BCA-9993-DCA1611373C9}.Ad-Hoc|ARM.ActiveCfg = Release|Any CPU
		{102F9CC2-3811-4BCA-9993-DCA1611373C9}.Ad-Hoc|ARM.Build.0 = Release|Any CPU
		{102F9CC2-3811-4BCA-9993-DCA1611373C9}.Ad-Hoc|iPhone.ActiveCfg = Release|Any CPU
		{102F9CC2-3811-4BCA-9993-DCA1611373C9}.Ad-Hoc|iPhone.Build.0 = Release|Any CPU
		{102F9CC2-3811-4BCA-9993-DCA1611373C9}.Ad-Hoc|iPhoneSimulator.ActiveCfg = Release|Any CPU
		{102F9CC2-3811-4BCA-9993-DCA1611373C9}.Ad-Hoc|iPhoneSimulator.Build.0 = Release|Any CPU
		{102F9CC2-3811-4BCA-9993-DCA1611373C9}.Ad-Hoc|x64.ActiveCfg = Release|Any CPU
		{102F9CC2-3811-4BCA-9993-DCA1611373C9}.Ad-Hoc|x64.Build.0 = Release|Any CPU
		{102F9CC2-3811-4BCA-9993-DCA1611373C9}.Ad-Hoc|x86.ActiveCfg = Release|Any CPU
		{102F9CC2-3811-4BCA-9993-DCA1611373C9}.Ad-Hoc|x86.Build.0 = Release|Any CPU
		{102F9CC2-3811-4BCA-9993-DCA1611373C9}.AppStore|Any CPU.ActiveCfg = Release|Any CPU
		{102F9CC2-3811-4BCA-9993-DCA1611373C9}.AppStore|Any CPU.Build.0 = Release|Any CPU
		{102F9CC2-3811-4BCA-9993-DCA1611373C9}.AppStore|ARM.ActiveCfg = Release|Any CPU
		{102F9CC2-3811-4BCA-9993-DCA1611373C9}.AppStore|ARM.Build.0 = Release|Any CPU
		{102F9CC2-3811-4BCA-9993-DCA1611373C9}.AppStore|iPhone.ActiveCfg = Release|Any CPU
		{102F9CC2-3811-4BCA-9993-DCA1611373C9}.AppStore|iPhone.Build.0 = Release|Any CPU
		{102F9CC2-3811-4BCA-9993-DCA1611373C9}.AppStore|iPhoneSimulator.ActiveCfg = Release|Any CPU
		{102F9CC2-3811-4BCA-9993-DCA1611373C9}.AppStore|iPhoneSimulator.Build.0 = Release|Any CPU
		{102F9CC2-3811-4BCA-9993-DCA1611373C9}.AppStore|x64.ActiveCfg = Release|Any CPU
		{102F9CC2-3811-4BCA-9993-DCA1611373C9}.AppStore|x64.Build.0 = Release|Any CPU
		{102F9CC2-3811-4BCA-9993-DCA1611373C9}.AppStore|x86.ActiveCfg = Release|Any CPU
		{102F9CC2-3811-4BCA-9993-DCA1611373C9}.AppStore|x86.Build.0 = Release|Any CPU
		{102F9CC2-3811-4BCA-9993-DCA1611373C9}.Debug|Any CPU.ActiveCfg = Debug|Any CPU
		{102F9CC2-3811-4BCA-9993-DCA1611373C9}.Debug|Any CPU.Build.0 = Debug|Any CPU
		{102F9CC2-3811-4BCA-9993-DCA1611373C9}.Debug|ARM.ActiveCfg = Debug|Any CPU
		{102F9CC2-3811-4BCA-9993-DCA1611373C9}.Debug|ARM.Build.0 = Debug|Any CPU
		{102F9CC2-3811-4BCA-9993-DCA1611373C9}.Debug|iPhone.ActiveCfg = Debug|Any CPU
		{102F9CC2-3811-4BCA-9993-DCA1611373C9}.Debug|iPhone.Build.0 = Debug|Any CPU
		{102F9CC2-3811-4BCA-9993-DCA1611373C9}.Debug|iPhoneSimulator.ActiveCfg = Debug|Any CPU
		{102F9CC2-3811-4BCA-9993-DCA1611373C9}.Debug|iPhoneSimulator.Build.0 = Debug|Any CPU
		{102F9CC2-3811-4BCA-9993-DCA1611373C9}.Debug|x64.ActiveCfg = Debug|Any CPU
		{102F9CC2-3811-4BCA-9993-DCA1611373C9}.Debug|x64.Build.0 = Debug|Any CPU
		{102F9CC2-3811-4BCA-9993-DCA1611373C9}.Debug|x86.ActiveCfg = Debug|Any CPU
		{102F9CC2-3811-4BCA-9993-DCA1611373C9}.Debug|x86.Build.0 = Debug|Any CPU
		{102F9CC2-3811-4BCA-9993-DCA1611373C9}.Release|Any CPU.ActiveCfg = Release|Any CPU
		{102F9CC2-3811-4BCA-9993-DCA1611373C9}.Release|Any CPU.Build.0 = Release|Any CPU
		{102F9CC2-3811-4BCA-9993-DCA1611373C9}.Release|ARM.ActiveCfg = Release|Any CPU
		{102F9CC2-3811-4BCA-9993-DCA1611373C9}.Release|ARM.Build.0 = Release|Any CPU
		{102F9CC2-3811-4BCA-9993-DCA1611373C9}.Release|iPhone.ActiveCfg = Release|Any CPU
		{102F9CC2-3811-4BCA-9993-DCA1611373C9}.Release|iPhone.Build.0 = Release|Any CPU
		{102F9CC2-3811-4BCA-9993-DCA1611373C9}.Release|iPhoneSimulator.ActiveCfg = Release|Any CPU
		{102F9CC2-3811-4BCA-9993-DCA1611373C9}.Release|iPhoneSimulator.Build.0 = Release|Any CPU
		{102F9CC2-3811-4BCA-9993-DCA1611373C9}.Release|x64.ActiveCfg = Release|Any CPU
		{102F9CC2-3811-4BCA-9993-DCA1611373C9}.Release|x64.Build.0 = Release|Any CPU
		{102F9CC2-3811-4BCA-9993-DCA1611373C9}.Release|x86.ActiveCfg = Release|Any CPU
		{102F9CC2-3811-4BCA-9993-DCA1611373C9}.Release|x86.Build.0 = Release|Any CPU
		{6714F4D8-2B03-4121-9E50-9FF76752A10E}.Ad-Hoc|Any CPU.ActiveCfg = Release|x86
		{6714F4D8-2B03-4121-9E50-9FF76752A10E}.Ad-Hoc|Any CPU.Build.0 = Release|x86
		{6714F4D8-2B03-4121-9E50-9FF76752A10E}.Ad-Hoc|Any CPU.Deploy.0 = Release|x86
		{6714F4D8-2B03-4121-9E50-9FF76752A10E}.Ad-Hoc|ARM.ActiveCfg = Release|ARM
		{6714F4D8-2B03-4121-9E50-9FF76752A10E}.Ad-Hoc|ARM.Build.0 = Release|ARM
		{6714F4D8-2B03-4121-9E50-9FF76752A10E}.Ad-Hoc|ARM.Deploy.0 = Release|ARM
		{6714F4D8-2B03-4121-9E50-9FF76752A10E}.Ad-Hoc|iPhone.ActiveCfg = Release|x86
		{6714F4D8-2B03-4121-9E50-9FF76752A10E}.Ad-Hoc|iPhone.Build.0 = Release|x86
		{6714F4D8-2B03-4121-9E50-9FF76752A10E}.Ad-Hoc|iPhone.Deploy.0 = Release|x86
		{6714F4D8-2B03-4121-9E50-9FF76752A10E}.Ad-Hoc|iPhoneSimulator.ActiveCfg = Release|x86
		{6714F4D8-2B03-4121-9E50-9FF76752A10E}.Ad-Hoc|iPhoneSimulator.Build.0 = Release|x86
		{6714F4D8-2B03-4121-9E50-9FF76752A10E}.Ad-Hoc|iPhoneSimulator.Deploy.0 = Release|x86
		{6714F4D8-2B03-4121-9E50-9FF76752A10E}.Ad-Hoc|x64.ActiveCfg = Release|x64
		{6714F4D8-2B03-4121-9E50-9FF76752A10E}.Ad-Hoc|x64.Build.0 = Release|x64
		{6714F4D8-2B03-4121-9E50-9FF76752A10E}.Ad-Hoc|x64.Deploy.0 = Release|x64
		{6714F4D8-2B03-4121-9E50-9FF76752A10E}.Ad-Hoc|x86.ActiveCfg = Release|x86
		{6714F4D8-2B03-4121-9E50-9FF76752A10E}.Ad-Hoc|x86.Build.0 = Release|x86
		{6714F4D8-2B03-4121-9E50-9FF76752A10E}.Ad-Hoc|x86.Deploy.0 = Release|x86
		{6714F4D8-2B03-4121-9E50-9FF76752A10E}.AppStore|Any CPU.ActiveCfg = Release|x86
		{6714F4D8-2B03-4121-9E50-9FF76752A10E}.AppStore|Any CPU.Build.0 = Release|x86
		{6714F4D8-2B03-4121-9E50-9FF76752A10E}.AppStore|Any CPU.Deploy.0 = Release|x86
		{6714F4D8-2B03-4121-9E50-9FF76752A10E}.AppStore|ARM.ActiveCfg = Release|ARM
		{6714F4D8-2B03-4121-9E50-9FF76752A10E}.AppStore|ARM.Build.0 = Release|ARM
		{6714F4D8-2B03-4121-9E50-9FF76752A10E}.AppStore|ARM.Deploy.0 = Release|ARM
		{6714F4D8-2B03-4121-9E50-9FF76752A10E}.AppStore|iPhone.ActiveCfg = Release|x86
		{6714F4D8-2B03-4121-9E50-9FF76752A10E}.AppStore|iPhone.Build.0 = Release|x86
		{6714F4D8-2B03-4121-9E50-9FF76752A10E}.AppStore|iPhone.Deploy.0 = Release|x86
		{6714F4D8-2B03-4121-9E50-9FF76752A10E}.AppStore|iPhoneSimulator.ActiveCfg = Release|x86
		{6714F4D8-2B03-4121-9E50-9FF76752A10E}.AppStore|iPhoneSimulator.Build.0 = Release|x86
		{6714F4D8-2B03-4121-9E50-9FF76752A10E}.AppStore|iPhoneSimulator.Deploy.0 = Release|x86
		{6714F4D8-2B03-4121-9E50-9FF76752A10E}.AppStore|x64.ActiveCfg = Release|x64
		{6714F4D8-2B03-4121-9E50-9FF76752A10E}.AppStore|x64.Build.0 = Release|x64
		{6714F4D8-2B03-4121-9E50-9FF76752A10E}.AppStore|x64.Deploy.0 = Release|x64
		{6714F4D8-2B03-4121-9E50-9FF76752A10E}.AppStore|x86.ActiveCfg = Release|x86
		{6714F4D8-2B03-4121-9E50-9FF76752A10E}.AppStore|x86.Build.0 = Release|x86
		{6714F4D8-2B03-4121-9E50-9FF76752A10E}.AppStore|x86.Deploy.0 = Release|x86
		{6714F4D8-2B03-4121-9E50-9FF76752A10E}.Debug|Any CPU.ActiveCfg = Debug|x86
		{6714F4D8-2B03-4121-9E50-9FF76752A10E}.Debug|ARM.ActiveCfg = Debug|ARM
		{6714F4D8-2B03-4121-9E50-9FF76752A10E}.Debug|ARM.Build.0 = Debug|ARM
		{6714F4D8-2B03-4121-9E50-9FF76752A10E}.Debug|ARM.Deploy.0 = Debug|ARM
		{6714F4D8-2B03-4121-9E50-9FF76752A10E}.Debug|iPhone.ActiveCfg = Debug|x86
		{6714F4D8-2B03-4121-9E50-9FF76752A10E}.Debug|iPhoneSimulator.ActiveCfg = Debug|x86
		{6714F4D8-2B03-4121-9E50-9FF76752A10E}.Debug|x64.ActiveCfg = Debug|x64
		{6714F4D8-2B03-4121-9E50-9FF76752A10E}.Debug|x64.Build.0 = Debug|x64
		{6714F4D8-2B03-4121-9E50-9FF76752A10E}.Debug|x64.Deploy.0 = Debug|x64
		{6714F4D8-2B03-4121-9E50-9FF76752A10E}.Debug|x86.ActiveCfg = Debug|x86
		{6714F4D8-2B03-4121-9E50-9FF76752A10E}.Debug|x86.Build.0 = Debug|x86
		{6714F4D8-2B03-4121-9E50-9FF76752A10E}.Debug|x86.Deploy.0 = Debug|x86
		{6714F4D8-2B03-4121-9E50-9FF76752A10E}.Release|Any CPU.ActiveCfg = Release|x86
		{6714F4D8-2B03-4121-9E50-9FF76752A10E}.Release|ARM.ActiveCfg = Release|ARM
		{6714F4D8-2B03-4121-9E50-9FF76752A10E}.Release|ARM.Build.0 = Release|ARM
		{6714F4D8-2B03-4121-9E50-9FF76752A10E}.Release|ARM.Deploy.0 = Release|ARM
		{6714F4D8-2B03-4121-9E50-9FF76752A10E}.Release|iPhone.ActiveCfg = Release|x86
		{6714F4D8-2B03-4121-9E50-9FF76752A10E}.Release|iPhoneSimulator.ActiveCfg = Release|x86
		{6714F4D8-2B03-4121-9E50-9FF76752A10E}.Release|x64.ActiveCfg = Release|x64
		{6714F4D8-2B03-4121-9E50-9FF76752A10E}.Release|x64.Build.0 = Release|x64
		{6714F4D8-2B03-4121-9E50-9FF76752A10E}.Release|x64.Deploy.0 = Release|x64
		{6714F4D8-2B03-4121-9E50-9FF76752A10E}.Release|x86.ActiveCfg = Release|x86
		{6714F4D8-2B03-4121-9E50-9FF76752A10E}.Release|x86.Build.0 = Release|x86
		{6714F4D8-2B03-4121-9E50-9FF76752A10E}.Release|x86.Deploy.0 = Release|x86
		{A98D5564-8678-46BA-89EC-1613D43E92B3}.Ad-Hoc|Any CPU.ActiveCfg = Ad-Hoc|iPhone
		{A98D5564-8678-46BA-89EC-1613D43E92B3}.Ad-Hoc|ARM.ActiveCfg = Ad-Hoc|iPhone
		{A98D5564-8678-46BA-89EC-1613D43E92B3}.Ad-Hoc|iPhone.ActiveCfg = Ad-Hoc|iPhone
		{A98D5564-8678-46BA-89EC-1613D43E92B3}.Ad-Hoc|iPhone.Build.0 = Ad-Hoc|iPhone
		{A98D5564-8678-46BA-89EC-1613D43E92B3}.Ad-Hoc|iPhoneSimulator.ActiveCfg = Ad-Hoc|iPhoneSimulator
		{A98D5564-8678-46BA-89EC-1613D43E92B3}.Ad-Hoc|iPhoneSimulator.Build.0 = Ad-Hoc|iPhoneSimulator
		{A98D5564-8678-46BA-89EC-1613D43E92B3}.Ad-Hoc|x64.ActiveCfg = Ad-Hoc|iPhone
		{A98D5564-8678-46BA-89EC-1613D43E92B3}.Ad-Hoc|x86.ActiveCfg = Ad-Hoc|iPhone
		{A98D5564-8678-46BA-89EC-1613D43E92B3}.Ad-Hoc|x86.Build.0 = Ad-Hoc|iPhone
		{A98D5564-8678-46BA-89EC-1613D43E92B3}.AppStore|Any CPU.ActiveCfg = AppStore|iPhone
		{A98D5564-8678-46BA-89EC-1613D43E92B3}.AppStore|ARM.ActiveCfg = AppStore|iPhone
		{A98D5564-8678-46BA-89EC-1613D43E92B3}.AppStore|iPhone.ActiveCfg = AppStore|iPhone
		{A98D5564-8678-46BA-89EC-1613D43E92B3}.AppStore|iPhone.Build.0 = AppStore|iPhone
		{A98D5564-8678-46BA-89EC-1613D43E92B3}.AppStore|iPhoneSimulator.ActiveCfg = AppStore|iPhoneSimulator
		{A98D5564-8678-46BA-89EC-1613D43E92B3}.AppStore|iPhoneSimulator.Build.0 = AppStore|iPhoneSimulator
		{A98D5564-8678-46BA-89EC-1613D43E92B3}.AppStore|x64.ActiveCfg = AppStore|iPhone
		{A98D5564-8678-46BA-89EC-1613D43E92B3}.AppStore|x86.ActiveCfg = AppStore|iPhone
		{A98D5564-8678-46BA-89EC-1613D43E92B3}.Debug|Any CPU.ActiveCfg = Debug|iPhone
		{A98D5564-8678-46BA-89EC-1613D43E92B3}.Debug|ARM.ActiveCfg = Debug|iPhone
		{A98D5564-8678-46BA-89EC-1613D43E92B3}.Debug|iPhone.ActiveCfg = Debug|iPhone
		{A98D5564-8678-46BA-89EC-1613D43E92B3}.Debug|iPhone.Build.0 = Debug|iPhone
		{A98D5564-8678-46BA-89EC-1613D43E92B3}.Debug|iPhoneSimulator.ActiveCfg = Debug|iPhoneSimulator
		{A98D5564-8678-46BA-89EC-1613D43E92B3}.Debug|iPhoneSimulator.Build.0 = Debug|iPhoneSimulator
		{A98D5564-8678-46BA-89EC-1613D43E92B3}.Debug|x64.ActiveCfg = Debug|iPhone
		{A98D5564-8678-46BA-89EC-1613D43E92B3}.Debug|x86.ActiveCfg = Debug|iPhone
		{A98D5564-8678-46BA-89EC-1613D43E92B3}.Release|Any CPU.ActiveCfg = Release|iPhone
		{A98D5564-8678-46BA-89EC-1613D43E92B3}.Release|ARM.ActiveCfg = Release|iPhone
		{A98D5564-8678-46BA-89EC-1613D43E92B3}.Release|iPhone.ActiveCfg = Release|iPhone
		{A98D5564-8678-46BA-89EC-1613D43E92B3}.Release|iPhone.Build.0 = Release|iPhone
		{A98D5564-8678-46BA-89EC-1613D43E92B3}.Release|iPhoneSimulator.ActiveCfg = Release|iPhoneSimulator
		{A98D5564-8678-46BA-89EC-1613D43E92B3}.Release|iPhoneSimulator.Build.0 = Release|iPhoneSimulator
		{A98D5564-8678-46BA-89EC-1613D43E92B3}.Release|x64.ActiveCfg = Release|iPhone
		{A98D5564-8678-46BA-89EC-1613D43E92B3}.Release|x86.ActiveCfg = Release|iPhone
	EndGlobalSection
	GlobalSection(SolutionProperties) = preSolution
		HideSolutionNode = FALSE
	EndGlobalSection
	GlobalSection(ExtensibilityGlobals) = postSolution
		SolutionGuid = {F8932BA6-3EA8-48C3-B87A-A12C79E1617D}
	EndGlobalSection
EndGlobal
